<?xml version="1.0" encoding="utf-8"?>
<Project ToolsVersion="4.0" xmlns="http://schemas.microsoft.com/developer/msbuild/2003">
  <ItemGroup>
    <Filter Include="ソース ファイル">
      <UniqueIdentifier>{4FC737F1-C7A5-4376-A066-2A32D752A2FF}</UniqueIdentifier>
      <Extensions>cpp;c;cc;cxx;c++;def;odl;idl;hpj;bat;asm;asmx</Extensions>
    </Filter>
    <Filter Include="ヘッダー ファイル">
      <UniqueIdentifier>{93995380-89BD-4b04-88EB-625FBE52EBFB}</UniqueIdentifier>
      <Extensions>h;hh;hpp;hxx;h++;hm;inl;inc;ipp;xsd</Extensions>
    </Filter>
    <Filter Include="リソース ファイル">
      <UniqueIdentifier>{67DA6AB6-F800-4c08-8B7A-83BB121AAD01}</UniqueIdentifier>
      <Extensions>rc;ico;cur;bmp;dlg;rc2;rct;bin;rgs;gif;jpg;jpeg;jpe;resx;tiff;tif;png;wav;mfcribbon-ms</Extensions>
    </Filter>
    <Filter Include="snippet">
      <UniqueIdentifier>{718fdc27-e9b8-4f9b-9a65-1d0359c01954}</UniqueIdentifier>
    </Filter>
    <Filter Include="snippet\lib">
      <UniqueIdentifier>{70671e52-d11e-4186-adec-8c45596de35c}</UniqueIdentifier>
    </Filter>
    <Filter Include="snippet\fun">
      <UniqueIdentifier>{6708706d-fb5e-4b94-b5c4-3f90a991bff8}</UniqueIdentifier>
    </Filter>
    <Filter Include="snippet\etc">
      <UniqueIdentifier>{d62351c5-8496-4c72-8d26-f7267e38fd3e}</UniqueIdentifier>
    </Filter>
    <Filter Include="snippet\inout">
      <UniqueIdentifier>{6d15e472-80f7-4ca9-badf-0adcd38d57ae}</UniqueIdentifier>
    </Filter>
    <Filter Include="snippet\dec">
      <UniqueIdentifier>{8beab1c7-8f05-4a87-899b-7490bc15e7d7}</UniqueIdentifier>
    </Filter>
    <Filter Include="snippet\lambda">
      <UniqueIdentifier>{eb62c406-c601-4582-81e3-48e5cca87248}</UniqueIdentifier>
    </Filter>
  </ItemGroup>
  <ItemGroup>
    <ClCompile Include="main.cpp">
      <Filter>ソース ファイル</Filter>
    </ClCompile>
  </ItemGroup>
  <ItemGroup>
    <Text Include="output.txt">
      <Filter>ソース ファイル</Filter>
    </Text>
    <Text Include="input.txt">
      <Filter>ソース ファイル</Filter>
    </Text>
  </ItemGroup>
  <ItemGroup>
    <None Include="snippet\liberatos.snippet">
      <Filter>snippet\lib</Filter>
    </None>
    <None Include="snippet\libgcd.snippet">
      <Filter>snippet\lib</Filter>
    </None>
    <None Include="snippet\libmod.snippet">
      <Filter>snippet\lib</Filter>
    </None>
    <None Include="snippet\funffsum.snippet">
      <Filter>snippet\fun</Filter>
    </None>
    <None Include="snippet\funfsum.snippet">
      <Filter>snippet\fun</Filter>
    </None>
    <None Include="snippet\chmax.snippet">
      <Filter>snippet\etc</Filter>
    </None>
    <None Include="snippet\chmin.snippet">
      <Filter>snippet\etc</Filter>
    </None>
    <None Include="snippet\ll.snippet">
      <Filter>snippet\etc</Filter>
    </None>
    <None Include="snippet\rep.snippet">
      <Filter>snippet\etc</Filter>
    </None>
    <None Include="snippet\in1.snippet">
      <Filter>snippet\inout</Filter>
    </None>
    <None Include="snippet\in2.snippet">
      <Filter>snippet\inout</Filter>
    </None>
    <None Include="snippet\in3.snippet">
      <Filter>snippet\inout</Filter>
    </None>
    <None Include="snippet\in4.snippet">
      <Filter>snippet\inout</Filter>
    </None>
    <None Include="snippet\inl1.snippet">
      <Filter>snippet\inout</Filter>
    </None>
    <None Include="snippet\inl2.snippet">
      <Filter>snippet\inout</Filter>
    </None>
    <None Include="snippet\inl3.snippet">
      <Filter>snippet\inout</Filter>
    </None>
    <None Include="snippet\inl4.snippet">
      <Filter>snippet\inout</Filter>
    </None>
    <None Include="snippet\out.snippet">
      <Filter>snippet\inout</Filter>
    </None>
    <None Include="snippet\vec1.snippet">
      <Filter>snippet\inout</Filter>
    </None>
    <None Include="snippet\vec2.snippet">
      <Filter>snippet\inout</Filter>
    </None>
    <None Include="snippet\vec3.snippet">
      <Filter>snippet\inout</Filter>
    </None>
    <None Include="snippet\vec4.snippet">
      <Filter>snippet\inout</Filter>
    </None>
    <None Include="snippet\ifout.snippet">
      <Filter>snippet\inout</Filter>
    </None>
    <None Include="snippet\repr.snippet">
      <Filter>snippet\etc</Filter>
    </None>
    <None Include="snippet\reprs.snippet">
      <Filter>snippet\etc</Filter>
    </None>
    <None Include="snippet\reps.snippet">
      <Filter>snippet\etc</Filter>
    </None>
    <None Include="snippet\dvec.snippet">
      <Filter>snippet\dec</Filter>
    </None>
    <None Include="snippet\ddxdy.snippet">
      <Filter>snippet\dec</Filter>
    </None>
    <None Include="snippet\ins.snippet">
      <Filter>snippet\inout</Filter>
    </None>
    <None Include="snippet\in5.snippet">
      <Filter>snippet\inout</Filter>
    </None>
    <None Include="snippet\in6.snippet">
      <Filter>snippet\inout</Filter>
    </None>
    <None Include="snippet\mat.snippet">
      <Filter>snippet\inout</Filter>
    </None>
    <None Include="snippet\vec1s.snippet">
      <Filter>snippet\inout</Filter>
    </None>
    <None Include="snippet\vec2s.snippet">
      <Filter>snippet\inout</Filter>
    </None>
    <None Include="snippet\vec3s.snippet">
      <Filter>snippet\inout</Filter>
    </None>
    <None Include="snippet\vec4s.snippet">
      <Filter>snippet\inout</Filter>
    </None>
    <None Include="snippet\mats.snippet">
      <Filter>snippet\inout</Filter>
    </None>
    <None Include="snippet\cmat.snippet">
      <Filter>snippet\inout</Filter>
    </None>
    <None Include="snippet\cmats.snippet">
      <Filter>snippet\inout</Filter>
    </None>
    <None Include="snippet\libslidemin.snippet">
      <Filter>snippet\lib</Filter>
    </None>
    <None Include="snippet\libscanmat.snippet">
      <Filter>snippet\lib</Filter>
    </None>
    <None Include="snippet\vecl1.snippet">
      <Filter>snippet\inout</Filter>
    </None>
    <None Include="snippet\vecl1s.snippet">
      <Filter>snippet\inout</Filter>
    </None>
    <None Include="snippet\vecl2.snippet">
      <Filter>snippet\inout</Filter>
    </None>
    <None Include="snippet\vecl2s.snippet">
      <Filter>snippet\inout</Filter>
    </None>
    <None Include="snippet\vecl3.snippet">
      <Filter>snippet\inout</Filter>
    </None>
    <None Include="snippet\vecl3s.snippet">
      <Filter>snippet\inout</Filter>
    </None>
    <None Include="snippet\vecl4.snippet">
      <Filter>snippet\inout</Filter>
    </None>
    <None Include="snippet\vecl4s.snippet">
      <Filter>snippet\inout</Filter>
    </None>
    <None Include="snippet\dvec2.snippet">
      <Filter>snippet\dec</Filter>
    </None>
    <None Include="snippet\dvec3.snippet">
      <Filter>snippet\dec</Filter>
    </None>
    <None Include="snippet\dvec4.snippet">
      <Filter>snippet\dec</Filter>
    </None>
    <None Include="snippet\dvecl.snippet">
      <Filter>snippet\dec</Filter>
    </None>
    <None Include="snippet\dvecl2.snippet">
      <Filter>snippet\dec</Filter>
    </None>
    <None Include="snippet\dvecl3.snippet">
      <Filter>snippet\dec</Filter>
    </None>
    <None Include="snippet\dvecl4.snippet">
      <Filter>snippet\dec</Filter>
    </None>
    <None Include="snippet\dvect.snippet">
      <Filter>snippet\dec</Filter>
    </None>
    <None Include="snippet\dvect2.snippet">
      <Filter>snippet\dec</Filter>
    </None>
    <None Include="snippet\dvect3.snippet">
      <Filter>snippet\dec</Filter>
    </None>
    <None Include="snippet\dvect4.snippet">
      <Filter>snippet\dec</Filter>
    </None>
    <None Include="snippet\all.snippet">
      <Filter>snippet\etc</Filter>
    </None>
    <None Include="snippet\lamsecond.snippet">
      <Filter>snippet\lambda</Filter>
    </None>
    <None Include="snippet\yes.snippet">
      <Filter>snippet\inout</Filter>
    </None>
    <None Include="snippet\no.snippet">
      <Filter>snippet\inout</Filter>
    </None>
    <None Include="snippet\libuf.snippet">
      <Filter>snippet\lib</Filter>
    </None>
    <None Include="snippet\libavl.snippet">
      <Filter>snippet\lib</Filter>
    </None>
    <None Include="snippet\dmax.snippet">
      <Filter>snippet\dec</Filter>
    </None>
  </ItemGroup>
  <ItemGroup>
    <ClInclude Include="..\includes\bits\stdc++.h">
      <Filter>ヘッダー ファイル</Filter>
    </ClInclude>
  </ItemGroup>
</Project>